lockfileVersion: '9.0'

settings:
  autoInstallPeers: true
  excludeLinksFromLockfile: false

importers:

  .:
    dependencies:
      '@hono/node-server':
        specifier: ^1.13.0
        version: 1.13.0(hono@4.6.1)
      hono:
        specifier: ^4.6.1
        version: 4.6.1
      noren:
        specifier: ^0.4.7
        version: 0.4.7

packages:

  '@hono/node-server@1.13.0':
    resolution: {integrity: sha512-kz323qIQkNQElEGroo/E9MKPDuIR5pkuk/XEWd50K+cSEKdmdiYx0PKWUdaNY2ecJYngtF+njDMsMKplL6zfEg==}
    engines: {node: '>=18.14.1'}
    peerDependencies:
      hono: ^4

  crypto-sha@2.1.0:
    resolution: {integrity: sha512-7lPgPbSt8nuQ/cTjpa2TTYu58c/lpqJMSYrQgSkJKln8bENOcVVAi7oqz5mc7wIkM1TCRduO6Lr868imRwzX5w==}

  dettle@1.0.4:
    resolution: {integrity: sha512-ktaWiLYYc/ajSa819+HxwABpqtk3dGIAmo5CbHvT3B6XyQSM7VNGDvCPNu94Ptc+Ti4tjTvAKRUCXU/lrVG4WQ==}

  ext2mime@2.0.0:
    resolution: {integrity: sha512-InrZM8UUsmMgyBfw4vpPuLG4JlJC0cUkvlS/LIhq1NpGzpifVA2myaONx8TjvPPwyeYVJu8Wj7P9nkfcxmM2DQ==}

  grammex@3.1.3:
    resolution: {integrity: sha512-rUZoJJQguOCaAMTuoyxs40OxqSLgVhzCCwDn1mbp2vETWutv/TmgAz7KxMR8Tz4z4cty/zIh88HrOWKqWgeGjg==}

  hex-encoding@2.0.2:
    resolution: {integrity: sha512-NhclxbCmF1NTU9mE0GYEkUrFX5VvnfiHrzcqGbsQJcLT33rE/yqBB+U1bHDuLk86AQyN/hsr+Q/sX3jRxmarhg==}

  hono@4.6.1:
    resolution: {integrity: sha512-6NGwvttY1+HAFii08VYiEKI6ETPAFbpLntpm2M/MogEsAFWdZV74UNT+2M4bmqX90cIQhjlpBSP+tO+CfB0uww==}
    engines: {node: '>=16.0.0'}

  mime-standard@1.0.2:
    resolution: {integrity: sha512-xUmjXVgIU9bL370jglTuRunmIJyOx9CKPH5IgaQtfx7IwUmKfMKuJddFXCFALFks/9fZ/zk3/ko9NoTskVx51g==}

  node-buffer-encoding@1.0.2:
    resolution: {integrity: sha512-v2QFjf04xWb5Q7cyzbi8qEwe2vw2xJBXT7+pMOLA02+KJZlcJ/6syFYiH96ClXKfOG/kyBeysAuewJ7zfAUYKQ==}

  noren@0.4.7:
    resolution: {integrity: sha512-5BnO3V7GS8RaYPu4w3q3cqo+XLDloHZf3PCn9k19n7B7QaxfB1A3tYxr36vmY6rd86mlKYtW5iJdk8Gd/i60hA==}

  pioppo@1.2.0:
    resolution: {integrity: sha512-Mze+UGMj6fGMq7KQQTtiTDQN1RrfXeQwUssaKRgzp3HLx8SS5B9cTFIqQLkr2t6cIWpefGTpwiOLN8Y+3IODBg==}

  promise-make-naked@2.1.2:
    resolution: {integrity: sha512-y7s8ZuHIG56JYspB24be9GFkXA1zXL85Ur9u1DKrW/tvyUoPxWgBjnalK6Nc6l7wHBcAW0c3PO07+XOsWTRuhg==}

  radix64-encoding@2.0.1:
    resolution: {integrity: sha512-WfjcGA0SyjS76ab9tI1wS8CUF/YVOjqstRExQJGiubHueNO6sMKHRhadrp1Ufgzm0hF9nGbjYR6HNRne82Qzsg==}

  tiny-webcrypto@1.0.1:
    resolution: {integrity: sha512-xmRCZrKqgLNfDVjj12Da9l7a/gKyqwIQ0gTIQ2p+/tbosZxFGW41QQ5C6Pwz9tiVO0OTUDh8IcBqncVHbq1RqQ==}

  uint8-concat@1.0.0:
    resolution: {integrity: sha512-MuJSZioUpLNzzV7/aojj8EAI9OTe9yNvN2jV7bICLFkkzL1L3vARlpJkzSD8VGqhmKQglYMGgsYOQjo0qDfplg==}

  uint8-encoding@2.0.0:
    resolution: {integrity: sha512-MQcY+mEuLoHBqAawasWrFbZx1SqUoFU/wVYNGO6lsIxczeO+cNjA1djYHQM3GWU3SaEhKTfG3Z5cE2r+zR6tNw==}

  uint8-to-hex@2.0.0:
    resolution: {integrity: sha512-qtUFd8qhwWMZuoRkntbD9UUgNi/BmYR3bVPFAG8w78tGZDzrQjSGMxqL2pAHOshritIWK2fA+XxNhb1aBXURMA==}

  when-exit@2.1.3:
    resolution: {integrity: sha512-uVieSTccFIr/SFQdFWN/fFaQYmV37OKtuaGphMAzi4DmmUlrvRBJW5WSLkHyjNQY/ePJMz3LoiX9R3yy1Su6Hw==}

snapshots:

  '@hono/node-server@1.13.0(hono@4.6.1)':
    dependencies:
      hono: 4.6.1

  crypto-sha@2.1.0:
    dependencies:
      tiny-webcrypto: 1.0.1
      uint8-to-hex: 2.0.0

  dettle@1.0.4: {}

  ext2mime@2.0.0:
    dependencies:
      mime-standard: 1.0.2

  grammex@3.1.3: {}

  hex-encoding@2.0.2:
    dependencies:
      node-buffer-encoding: 1.0.2
      uint8-encoding: 2.0.0

  hono@4.6.1: {}

  mime-standard@1.0.2: {}

  node-buffer-encoding@1.0.2: {}

  noren@0.4.7:
    dependencies:
      crypto-sha: 2.1.0
      ext2mime: 2.0.0
      grammex: 3.1.3
      pioppo: 1.2.0
      promise-make-naked: 2.1.2
      radix64-encoding: 2.0.1
      uint8-concat: 1.0.0
      uint8-encoding: 2.0.0

  pioppo@1.2.0:
    dependencies:
      dettle: 1.0.4
      when-exit: 2.1.3

  promise-make-naked@2.1.2: {}

  radix64-encoding@2.0.1:
    dependencies:
      node-buffer-encoding: 1.0.2
      uint8-encoding: 2.0.0

  tiny-webcrypto@1.0.1: {}

  uint8-concat@1.0.0: {}

  uint8-encoding@2.0.0: {}

  uint8-to-hex@2.0.0:
    dependencies:
      hex-encoding: 2.0.2

  when-exit@2.1.3: {}
